# This file is automatically @generated by Poetry 1.8.2 and should not be changed by hand.

[[package]]
name = "cwapi3d"
version = "30.443.9"
description = "Python bindings for CwAPI3D"
optional = false
python-versions = ">=3.10"
files = [
    {file = "cwapi3d-30.443.9-py3-none-any.whl", hash = "sha256:3187b20952b1568a7c6c1bd61b5b2401aa3bfd3a761816b9a0e31d1c28c079d4"},
    {file = "cwapi3d-30.443.9.tar.gz", hash = "sha256:5fac5fa3db15065d5260213bfea61c52dc8366b55041d993bbe1da8470de3314"},
]

[metadata]
lock-version = "2.0"
python-versions = "^3.12"
content-hash = "97ab4554c2064823e449fc1efbc3ec93ec3a7058932302e248db5f7f10548076"
